
Microsoft Visual Studio Solution File, Format Version 12.00
# Visual Studio Version 16
VisualStudioVersion = 16.0.30611.23
MinimumVisualStudioVersion = 10.0.40219.1
Project("{FAE04EC0-301F-11D3-BF4B-00C04F79EFBC}") = "FIT5032_W10_FirstWebAPI", "FIT5032_W10_FirstWebAPI\FIT5032_W10_FirstWebAPI.csproj", "{31A6A04D-73D0-43D2-8DEF-086B3C74B571}"
EndProject
Global
	GlobalSection(SolutionConfigurationPlatforms) = preSolution
		Debug|Any CPU = Debug|Any CPU
		Release|Any CPU = Release|Any CPU
	EndGlobalSection
	GlobalSection(ProjectConfigurationPlatforms) = postSolution
		{31A6A04D-73D0-43D2-8DEF-086B3C74B571}.Debug|Any CPU.ActiveCfg = Debug|Any CPU
		{31A6A04D-73D0-43D2-8DEF-086B3C74B571}.Debug|Any CPU.Build.0 = Debug|Any CPU
		{31A6A04D-73D0-43D2-8DEF-086B3C74B571}.Release|Any CPU.ActiveCfg = Release|Any CPU
		{31A6A04D-73D0-43D2-8DEF-086B3C74B571}.Release|Any CPU.Build.0 = Release|Any CPU
	EndGlobalSection
	GlobalSection(SolutionProperties) = preSolution
		HideSolutionNode = FALSE
	EndGlobalSection
	GlobalSection(ExtensibilityGlobals) = postSolution
		SolutionGuid = {7132B5A7-1091-4A24-A0D9-E7B1FFE9F684}
	EndGlobalSection
EndGlobal
