
Microsoft Visual Studio Solution File, Format Version 12.00
# Visual Studio Version 16
VisualStudioVersion = 16.0.30523.141
MinimumVisualStudioVersion = 10.0.40219.1
Project("{FAE04EC0-301F-11D3-BF4B-00C04F79EFBC}") = "FIT5032_Week03", "FIT5032_Week03\FIT5032_Week03.csproj", "{223B1D93-F1B7-4644-B836-05D83FC55A71}"
EndProject
Project("{FAE04EC0-301F-11D3-BF4B-00C04F79EFBC}") = "FIT5032_Week03.Tests", "FIT5032_Week03.Tests\FIT5032_Week03.Tests.csproj", "{7D1D5BE2-6764-4D7E-BA92-6C23CBA0A263}"
EndProject
Global
	GlobalSection(SolutionConfigurationPlatforms) = preSolution
		Debug|Any CPU = Debug|Any CPU
		Release|Any CPU = Release|Any CPU
	EndGlobalSection
	GlobalSection(ProjectConfigurationPlatforms) = postSolution
		{223B1D93-F1B7-4644-B836-05D83FC55A71}.Debug|Any CPU.ActiveCfg = Debug|Any CPU
		{223B1D93-F1B7-4644-B836-05D83FC55A71}.Debug|Any CPU.Build.0 = Debug|Any CPU
		{223B1D93-F1B7-4644-B836-05D83FC55A71}.Release|Any CPU.ActiveCfg = Release|Any CPU
		{223B1D93-F1B7-4644-B836-05D83FC55A71}.Release|Any CPU.Build.0 = Release|Any CPU
		{7D1D5BE2-6764-4D7E-BA92-6C23CBA0A263}.Debug|Any CPU.ActiveCfg = Debug|Any CPU
		{7D1D5BE2-6764-4D7E-BA92-6C23CBA0A263}.Debug|Any CPU.Build.0 = Debug|Any CPU
		{7D1D5BE2-6764-4D7E-BA92-6C23CBA0A263}.Release|Any CPU.ActiveCfg = Release|Any CPU
		{7D1D5BE2-6764-4D7E-BA92-6C23CBA0A263}.Release|Any CPU.Build.0 = Release|Any CPU
	EndGlobalSection
	GlobalSection(SolutionProperties) = preSolution
		HideSolutionNode = FALSE
	EndGlobalSection
	GlobalSection(ExtensibilityGlobals) = postSolution
		SolutionGuid = {EF6F7076-16CB-4B5E-8B16-D567DBCDCC2A}
	EndGlobalSection
EndGlobal
