
Microsoft Visual Studio Solution File, Format Version 12.00
# Visual Studio Version 16
VisualStudioVersion = 16.0.30611.23
MinimumVisualStudioVersion = 10.0.40219.1
Project("{FAE04EC0-301F-11D3-BF4B-00C04F79EFBC}") = "FIT5032_Task03", "FIT5032_Task03\FIT5032_Task03.csproj", "{F2AE1D22-8A2B-4E23-A08C-F99B7163A923}"
EndProject
Global
	GlobalSection(SolutionConfigurationPlatforms) = preSolution
		Debug|Any CPU = Debug|Any CPU
		Release|Any CPU = Release|Any CPU
	EndGlobalSection
	GlobalSection(ProjectConfigurationPlatforms) = postSolution
		{F2AE1D22-8A2B-4E23-A08C-F99B7163A923}.Debug|Any CPU.ActiveCfg = Debug|Any CPU
		{F2AE1D22-8A2B-4E23-A08C-F99B7163A923}.Debug|Any CPU.Build.0 = Debug|Any CPU
		{F2AE1D22-8A2B-4E23-A08C-F99B7163A923}.Release|Any CPU.ActiveCfg = Release|Any CPU
		{F2AE1D22-8A2B-4E23-A08C-F99B7163A923}.Release|Any CPU.Build.0 = Release|Any CPU
	EndGlobalSection
	GlobalSection(SolutionProperties) = preSolution
		HideSolutionNode = FALSE
	EndGlobalSection
	GlobalSection(ExtensibilityGlobals) = postSolution
		SolutionGuid = {6DE755B0-2CFA-46A9-A30A-6A1EDBD72442}
	EndGlobalSection
EndGlobal
